<?xml version="1.0" encoding="utf-8"?>
<Project ToolsVersion="4.0" xmlns="http://schemas.microsoft.com/developer/msbuild/2003">
  <ItemGroup>
    <Filter Include="Form Files">
      <UniqueIdentifier>{99349809-55BA-4b9d-BF79-8FDBB0286EB3}</UniqueIdentifier>
      <Extensions>ui</Extensions>
      <ParseFiles>false</ParseFiles>
    </Filter>
    <Filter Include="Form Files">
      <UniqueIdentifier>{99349809-55BA-4b9d-BF79-8FDBB0286EB3}</UniqueIdentifier>
      <Extensions>ui</Extensions>
      <ParseFiles>false</ParseFiles>
    </Filter>
    <Filter Include="Generated Files">
      <UniqueIdentifier>{71ED8ED8-ACB9-4CE9-BBE1-E00B30144E11}</UniqueIdentifier>
      <Extensions>cpp;c;cxx;moc;h;def;odl;idl;res;</Extensions>
    </Filter>
    <Filter Include="Generated Files">
      <UniqueIdentifier>{71ED8ED8-ACB9-4CE9-BBE1-E00B30144E11}</UniqueIdentifier>
      <Extensions>cpp;c;cxx;moc;h;def;odl;idl;res;</Extensions>
    </Filter>
    <Filter Include="Header Files">
      <UniqueIdentifier>{93995380-89BD-4b04-88EB-625FBE52EBFB}</UniqueIdentifier>
      <Extensions>h;hpp;hxx;hm;inl;inc;xsd</Extensions>
    </Filter>
    <Filter Include="Header Files">
      <UniqueIdentifier>{93995380-89BD-4b04-88EB-625FBE52EBFB}</UniqueIdentifier>
      <Extensions>h;hpp;hxx;hm;inl;inc;xsd</Extensions>
    </Filter>
    <Filter Include="Resource Files">
      <UniqueIdentifier>{D9D6E242-F8AF-46E4-B9FD-80ECBC20BA3E}</UniqueIdentifier>
      <Extensions>qrc;*</Extensions>
      <ParseFiles>false</ParseFiles>
    </Filter>
    <Filter Include="Resource Files">
      <UniqueIdentifier>{D9D6E242-F8AF-46E4-B9FD-80ECBC20BA3E}</UniqueIdentifier>
      <Extensions>qrc;*</Extensions>
      <ParseFiles>false</ParseFiles>
    </Filter>
    <Filter Include="Source Files">
      <UniqueIdentifier>{4FC737F1-C7A5-4376-A066-2A32D752A2FF}</UniqueIdentifier>
      <Extensions>cpp;c;cxx;def;odl;idl;hpj;bat;asm;asmx</Extensions>
    </Filter>
    <Filter Include="Source Files">
      <UniqueIdentifier>{4FC737F1-C7A5-4376-A066-2A32D752A2FF}</UniqueIdentifier>
      <Extensions>cpp;c;cxx;def;odl;idl;hpj;bat;asm;asmx</Extensions>
    </Filter>
    <Filter Include="Distribution Files">
      <UniqueIdentifier>{B83CAF91-C7BF-462F-B76C-EA11631F866C}</UniqueIdentifier>
      <Extensions>*</Extensions>
      <ParseFiles>false</ParseFiles>
    </Filter>
    <Filter Include="Distribution Files">
      <UniqueIdentifier>{B83CAF91-C7BF-462F-B76C-EA11631F866C}</UniqueIdentifier>
      <Extensions>*</Extensions>
      <ParseFiles>false</ParseFiles>
    </Filter>
  </ItemGroup>
  <ItemGroup>
    <ClCompile Include="fileio.cpp">
      <Filter>Source Files</Filter>
    </ClCompile>
    <ClCompile Include="groupdatamodel.cpp">
      <Filter>Source Files</Filter>
    </ClCompile>
    <ClCompile Include="grouplogger.cpp">
      <Filter>Source Files</Filter>
    </ClCompile>
    <ClCompile Include="livedatamodel.cpp">
      <Filter>Source Files</Filter>
    </ClCompile>
    <ClCompile Include="main.cpp">
      <Filter>Source Files</Filter>
    </ClCompile>
    <ClCompile Include="opchistory.cpp">
      <Filter>Source Files</Filter>
    </ClCompile>
    <ClCompile Include="opclogger.cpp">
      <Filter>Source Files</Filter>
    </ClCompile>
    <ClCompile Include="plotdialog.cpp">
      <Filter>Source Files</Filter>
    </ClCompile>
    <ClCompile Include="qcustomplot.cpp">
      <Filter>Source Files</Filter>
    </ClCompile>
    <ClCompile Include="qmlsettings.cpp">
      <Filter>Source Files</Filter>
    </ClCompile>
    <ClCompile Include="reporttemplatemodel.cpp">
      <Filter>Source Files</Filter>
    </ClCompile>
  </ItemGroup>
  <ItemGroup>
    <CustomBuild Include="fileio.h">
      <Filter>Header Files</Filter>
    </CustomBuild>
    <CustomBuild Include="groupdatamodel.h">
      <Filter>Header Files</Filter>
    </CustomBuild>
    <CustomBuild Include="grouplogger.h">
      <Filter>Header Files</Filter>
    </CustomBuild>
    <CustomBuild Include="livedatamodel.h">
      <Filter>Header Files</Filter>
    </CustomBuild>
    <CustomBuild Include="opchistory.h">
      <Filter>Header Files</Filter>
    </CustomBuild>
    <CustomBuild Include="opclogger.h">
      <Filter>Header Files</Filter>
    </CustomBuild>
    <CustomBuild Include="plotdialog.h">
      <Filter>Header Files</Filter>
    </CustomBuild>
    <CustomBuild Include="qcustomplot.h">
      <Filter>Header Files</Filter>
    </CustomBuild>
    <CustomBuild Include="qmlsettings.h">
      <Filter>Header Files</Filter>
    </CustomBuild>
    <CustomBuild Include="reporttemplatemodel.h">
      <Filter>Header Files</Filter>
    </CustomBuild>
  </ItemGroup>
  <ItemGroup>
    <ClCompile Include="debug\moc_fileio.cpp">
      <Filter>Generated Files</Filter>
    </ClCompile>
    <ClCompile Include="release\moc_fileio.cpp">
      <Filter>Generated Files</Filter>
    </ClCompile>
    <ClCompile Include="debug\moc_groupdatamodel.cpp">
      <Filter>Generated Files</Filter>
    </ClCompile>
    <ClCompile Include="release\moc_groupdatamodel.cpp">
      <Filter>Generated Files</Filter>
    </ClCompile>
    <ClCompile Include="debug\moc_grouplogger.cpp">
      <Filter>Generated Files</Filter>
    </ClCompile>
    <ClCompile Include="release\moc_grouplogger.cpp">
      <Filter>Generated Files</Filter>
    </ClCompile>
    <ClCompile Include="debug\moc_livedatamodel.cpp">
      <Filter>Generated Files</Filter>
    </ClCompile>
    <ClCompile Include="release\moc_livedatamodel.cpp">
      <Filter>Generated Files</Filter>
    </ClCompile>
    <ClCompile Include="debug\moc_opchistory.cpp">
      <Filter>Generated Files</Filter>
    </ClCompile>
    <ClCompile Include="release\moc_opchistory.cpp">
      <Filter>Generated Files</Filter>
    </ClCompile>
    <ClCompile Include="debug\moc_opclogger.cpp">
      <Filter>Generated Files</Filter>
    </ClCompile>
    <ClCompile Include="release\moc_opclogger.cpp">
      <Filter>Generated Files</Filter>
    </ClCompile>
    <ClCompile Include="debug\moc_plotdialog.cpp">
      <Filter>Generated Files</Filter>
    </ClCompile>
    <ClCompile Include="release\moc_plotdialog.cpp">
      <Filter>Generated Files</Filter>
    </ClCompile>
    <ClCompile Include="debug\moc_qcustomplot.cpp">
      <Filter>Generated Files</Filter>
    </ClCompile>
    <ClCompile Include="release\moc_qcustomplot.cpp">
      <Filter>Generated Files</Filter>
    </ClCompile>
    <ClCompile Include="debug\moc_qmlsettings.cpp">
      <Filter>Generated Files</Filter>
    </ClCompile>
    <ClCompile Include="release\moc_qmlsettings.cpp">
      <Filter>Generated Files</Filter>
    </ClCompile>
    <ClCompile Include="debug\moc_reporttemplatemodel.cpp">
      <Filter>Generated Files</Filter>
    </ClCompile>
    <ClCompile Include="release\moc_reporttemplatemodel.cpp">
      <Filter>Generated Files</Filter>
    </ClCompile>
    <ClCompile Include="debug\qrc_resources.cpp">
      <Filter>Generated Files</Filter>
    </ClCompile>
    <ClCompile Include="release\qrc_resources.cpp">
      <Filter>Generated Files</Filter>
    </ClCompile>
    <ClInclude Include="ui_plotdialog.h">
      <Filter>Generated Files</Filter>
    </ClInclude>
  </ItemGroup>
  <ItemGroup>
    <CustomBuild Include="plotdialog.ui">
      <Filter>Form Files</Filter>
    </CustomBuild>
  </ItemGroup>
  <ItemGroup>
    <None Include="qml\QtOpcLogger\GroupEditor.qml">
      <Filter>Resource Files</Filter>
    </None>
    <None Include="qml\QtOpcLogger\GroupViewer.qml">
      <Filter>Resource Files</Filter>
    </None>
    <None Include="qml\QtOpcLogger\ReportViewer.qml">
      <Filter>Resource Files</Filter>
    </None>
    <None Include="qml\QtOpcLogger\TagEditor.qml">
      <Filter>Resource Files</Filter>
    </None>
    <None Include="qml\QtOpcLogger\TagViewer.qml">
      <Filter>Resource Files</Filter>
    </None>
    <None Include="qml\QtOpcLogger\main.qml">
      <Filter>Resource Files</Filter>
    </None>
    <None Include="qml\QtOpcLogger\media-playback-start.svg">
      <Filter>Resource Files</Filter>
    </None>
    <None Include="qml\QtOpcLogger\media-playback-stop.svg">
      <Filter>Resource Files</Filter>
    </None>
    <None Include="qml\QtOpcLogger\network-connect.svg">
      <Filter>Resource Files</Filter>
    </None>
    <None Include="qml\QtOpcLogger\network-disconnect.svg">
      <Filter>Resource Files</Filter>
    </None>
    <CustomBuild Include="resources.qrc">
      <Filter>Resource Files</Filter>
    </CustomBuild>
  </ItemGroup>
  <ItemGroup>
    <None Include="qml\QtOpcLogger\GroupEditor.qml">
      <Filter>Distribution Files</Filter>
    </None>
    <None Include="qml\QtOpcLogger\GroupViewer.qml">
      <Filter>Distribution Files</Filter>
    </None>
    <None Include="qml\QtOpcLogger\ReportViewer.qml">
      <Filter>Distribution Files</Filter>
    </None>
    <None Include="qml\QtOpcLogger\TagEditor.qml">
      <Filter>Distribution Files</Filter>
    </None>
    <None Include="qml\QtOpcLogger\TagViewer.qml">
      <Filter>Distribution Files</Filter>
    </None>
    <None Include="deployment.pri">
      <Filter>Distribution Files</Filter>
    </None>
    <None Include="qml\QtOpcLogger\main.qml">
      <Filter>Distribution Files</Filter>
    </None>
    <None Include="tags.db">
      <Filter>Distribution Files</Filter>
    </None>
  </ItemGroup>
</Project>